
Microsoft Visual Studio Solution File, Format Version 12.00
# Visual Studio Version 17
VisualStudioVersion = 17.1.32328.378
MinimumVisualStudioVersion = 10.0.40219.1
Project("{FAE04EC0-301F-11D3-BF4B-00C04F79EFBC}") = "JWTAuth.WebApi", "JWTAuth.WebApi\JWTAuth.WebApi.csproj", "{3F4F159D-5229-4FDE-AB52-CDC598C52D73}"
EndProject
Global
	GlobalSection(SolutionConfigurationPlatforms) = preSolution
		Debug|Any CPU = Debug|Any CPU
		Release|Any CPU = Release|Any CPU
	EndGlobalSection
	GlobalSection(ProjectConfigurationPlatforms) = postSolution
		{3F4F159D-5229-4FDE-AB52-CDC598C52D73}.Debug|Any CPU.ActiveCfg = Debug|Any CPU
		{3F4F159D-5229-4FDE-AB52-CDC598C52D73}.Debug|Any CPU.Build.0 = Debug|Any CPU
		{3F4F159D-5229-4FDE-AB52-CDC598C52D73}.Release|Any CPU.ActiveCfg = Release|Any CPU
		{3F4F159D-5229-4FDE-AB52-CDC598C52D73}.Release|Any CPU.Build.0 = Release|Any CPU
	EndGlobalSection
	GlobalSection(SolutionProperties) = preSolution
		HideSolutionNode = FALSE
	EndGlobalSection
	GlobalSection(ExtensibilityGlobals) = postSolution
		SolutionGuid = {533EE9C4-7ADA-4836-9110-22EFF93E1B71}
	EndGlobalSection
EndGlobal
